
Microsoft Visual Studio Solution File, Format Version 12.00
# Visual Studio Version 17
VisualStudioVersion = 17.5.33424.131
MinimumVisualStudioVersion = 10.0.40219.1
Project("{9A19103F-16F7-4668-BE54-9A1E7A4F7556}") = "ElevatorConsoleApp", "ElevatorConsoleApp\ElevatorConsoleApp.csproj", "{C1932FBA-75F4-4468-B015-0669AAAF0FFF}"
EndProject
Project("{FAE04EC0-301F-11D3-BF4B-00C04F79EFBC}") = "ElevatorConsoleApp.Tests", "ElevatorConsoleApp.Tests\ElevatorConsoleApp.Tests.csproj", "{BED322DA-42CB-48F8-AF45-87E2A929D8E2}"
EndProject
Global
	GlobalSection(SolutionConfigurationPlatforms) = preSolution
		Debug|Any CPU = Debug|Any CPU
		Release|Any CPU = Release|Any CPU
	EndGlobalSection
	GlobalSection(ProjectConfigurationPlatforms) = postSolution
		{C1932FBA-75F4-4468-B015-0669AAAF0FFF}.Debug|Any CPU.ActiveCfg = Debug|Any CPU
		{C1932FBA-75F4-4468-B015-0669AAAF0FFF}.Debug|Any CPU.Build.0 = Debug|Any CPU
		{C1932FBA-75F4-4468-B015-0669AAAF0FFF}.Release|Any CPU.ActiveCfg = Release|Any CPU
		{C1932FBA-75F4-4468-B015-0669AAAF0FFF}.Release|Any CPU.Build.0 = Release|Any CPU
		{BED322DA-42CB-48F8-AF45-87E2A929D8E2}.Debug|Any CPU.ActiveCfg = Debug|Any CPU
		{BED322DA-42CB-48F8-AF45-87E2A929D8E2}.Debug|Any CPU.Build.0 = Debug|Any CPU
		{BED322DA-42CB-48F8-AF45-87E2A929D8E2}.Release|Any CPU.ActiveCfg = Release|Any CPU
		{BED322DA-42CB-48F8-AF45-87E2A929D8E2}.Release|Any CPU.Build.0 = Release|Any CPU
	EndGlobalSection
	GlobalSection(SolutionProperties) = preSolution
		HideSolutionNode = FALSE
	EndGlobalSection
	GlobalSection(ExtensibilityGlobals) = postSolution
		SolutionGuid = {D5056060-27C5-4C80-98FF-2D06CF530EE2}
	EndGlobalSection
EndGlobal
